// !$*UTF8*$!
{
	archiveVersion = 1;
	classes = {
	};
	objectVersion = 56;
	objects = {

/* Begin PBXBuildFile section */
		8DFFF1D32AC8317800AACFA0 /* AppDelegate.swift in Sources */ = {isa = PBXBuildFile; fileRef = 8DFFF1D22AC8317800AACFA0 /* AppDelegate.swift */; };
		8DFFF1D52AC8317800AACFA0 /* SceneDelegate.swift in Sources */ = {isa = PBXBuildFile; fileRef = 8DFFF1D42AC8317800AACFA0 /* SceneDelegate.swift */; };
		8DFFF1DC2AC8317900AACFA0 /* Assets.xcassets in Resources */ = {isa = PBXBuildFile; fileRef = 8DFFF1DB2AC8317900AACFA0 /* Assets.xcassets */; };
		8DFFF1DF2AC8317900AACFA0 /* LaunchScreen.storyboard in Resources */ = {isa = PBXBuildFile; fileRef = 8DFFF1DD2AC8317900AACFA0 /* LaunchScreen.storyboard */; };
		DD2AA4AD2AE69BDE0024FCCC /* ColorGenerator.swift in Sources */ = {isa = PBXBuildFile; fileRef = DD2AA4AC2AE69BDE0024FCCC /* ColorGenerator.swift */; };
		DD38008C2AF9184A00D8B4D3 /* BaseCoordinator.swift in Sources */ = {isa = PBXBuildFile; fileRef = DD38008B2AF9184A00D8B4D3 /* BaseCoordinator.swift */; };
		DD38008E2AF9193700D8B4D3 /* AppCoordinator.swift in Sources */ = {isa = PBXBuildFile; fileRef = DD38008D2AF9193700D8B4D3 /* AppCoordinator.swift */; };
		DD3800932AF922E100D8B4D3 /* AuthViewController.swift in Sources */ = {isa = PBXBuildFile; fileRef = DD3800922AF922E100D8B4D3 /* AuthViewController.swift */; };
		DD3800952AF9230A00D8B4D3 /* AuthView.swift in Sources */ = {isa = PBXBuildFile; fileRef = DD3800942AF9230A00D8B4D3 /* AuthView.swift */; };
		DD3800972AF9242400D8B4D3 /* AuthViewData.swift in Sources */ = {isa = PBXBuildFile; fileRef = DD3800962AF9242400D8B4D3 /* AuthViewData.swift */; };
		DD3800992AF9245200D8B4D3 /* AuthDataProvider.swift in Sources */ = {isa = PBXBuildFile; fileRef = DD3800982AF9245200D8B4D3 /* AuthDataProvider.swift */; };
		DD38009B2AF9249300D8B4D3 /* AuthAssembly.swift in Sources */ = {isa = PBXBuildFile; fileRef = DD38009A2AF9249300D8B4D3 /* AuthAssembly.swift */; };
		DD38009D2AF9261000D8B4D3 /* AuthCoordinator.swift in Sources */ = {isa = PBXBuildFile; fileRef = DD38009C2AF9261000D8B4D3 /* AuthCoordinator.swift */; };
		DD53E7402B14B653004AA847 /* LocationDataProvider.swift in Sources */ = {isa = PBXBuildFile; fileRef = DD53E73C2B14B653004AA847 /* LocationDataProvider.swift */; };
		DD53E7412B14B653004AA847 /* LocationViewController.swift in Sources */ = {isa = PBXBuildFile; fileRef = DD53E73D2B14B653004AA847 /* LocationViewController.swift */; };
		DD53E7422B14B653004AA847 /* LocationAssembly.swift in Sources */ = {isa = PBXBuildFile; fileRef = DD53E73E2B14B653004AA847 /* LocationAssembly.swift */; };
		DD53E7432B14B653004AA847 /* LocationCoordinator.swift in Sources */ = {isa = PBXBuildFile; fileRef = DD53E73F2B14B653004AA847 /* LocationCoordinator.swift */; };
		DD53E7462B14B67C004AA847 /* LocationApiClient.swift in Sources */ = {isa = PBXBuildFile; fileRef = DD53E7442B14B67C004AA847 /* LocationApiClient.swift */; };
		DD53E7472B14B67C004AA847 /* CharacterApiClient.swift in Sources */ = {isa = PBXBuildFile; fileRef = DD53E7452B14B67C004AA847 /* CharacterApiClient.swift */; };
		DD53E7492B14B70E004AA847 /* Character.swift in Sources */ = {isa = PBXBuildFile; fileRef = DD53E7482B14B70E004AA847 /* Character.swift */; };
		DD53E74B2B14C253004AA847 /* LocationView.swift in Sources */ = {isa = PBXBuildFile; fileRef = DD53E74A2B14C253004AA847 /* LocationView.swift */; };
		DD53E74D2B14D17E004AA847 /* LocationViewData.swift in Sources */ = {isa = PBXBuildFile; fileRef = DD53E74C2B14D17E004AA847 /* LocationViewData.swift */; };
		DD53E7512B14D1FC004AA847 /* LocationCell.swift in Sources */ = {isa = PBXBuildFile; fileRef = DD53E74F2B14D1FC004AA847 /* LocationCell.swift */; };
		DD53E7522B14D1FC004AA847 /* LocationCell.xib in Resources */ = {isa = PBXBuildFile; fileRef = DD53E7502B14D1FC004AA847 /* LocationCell.xib */; };
		DD53E7542B14D4D4004AA847 /* LocationCellData.swift in Sources */ = {isa = PBXBuildFile; fileRef = DD53E7532B14D4D4004AA847 /* LocationCellData.swift */; };
		DD53E7572B14D7CC004AA847 /* NSObject+ClassName.swift in Sources */ = {isa = PBXBuildFile; fileRef = DD53E7562B14D7CC004AA847 /* NSObject+ClassName.swift */; };
		DD5809CD2AEAA5CC00B27593 /* Assembly.swift in Sources */ = {isa = PBXBuildFile; fileRef = DD5809CC2AEAA5CC00B27593 /* Assembly.swift */; };
		DD61A5DE2B1E0140005E7F17 /* KeychainAccess in Frameworks */ = {isa = PBXBuildFile; productRef = DD61A5DD2B1E0140005E7F17 /* KeychainAccess */; };
		DD61A5E02B1E018A005E7F17 /* StorageManager.swift in Sources */ = {isa = PBXBuildFile; fileRef = DD61A5DF2B1E018A005E7F17 /* StorageManager.swift */; };
		DD64A57D2B06408D00FCB183 /* BaseViewController.swift in Sources */ = {isa = PBXBuildFile; fileRef = DD64A57C2B06408D00FCB183 /* BaseViewController.swift */; };
		DD64A5802B0642E700FCB183 /* AuthViewImp.xib in Resources */ = {isa = PBXBuildFile; fileRef = DD64A57F2B0642E700FCB183 /* AuthViewImp.xib */; };
		DD6C5D9C2B02513D005B3150 /* Location.swift in Sources */ = {isa = PBXBuildFile; fileRef = DD6C5D9B2B02513D005B3150 /* Location.swift */; };
		DD6C5D9E2B0259C9005B3150 /* LocationsList.swift in Sources */ = {isa = PBXBuildFile; fileRef = DD6C5D9D2B0259C9005B3150 /* LocationsList.swift */; };
		DD6C5DA02B025A38005B3150 /* TokenResponse.swift in Sources */ = {isa = PBXBuildFile; fileRef = DD6C5D9F2B025A38005B3150 /* TokenResponse.swift */; };
		DD6C5DA32B025AEF005B3150 /* ApiClient.swift in Sources */ = {isa = PBXBuildFile; fileRef = DD6C5DA22B025AEF005B3150 /* ApiClient.swift */; };
		DD6C5DA52B025B5D005B3150 /* NetworkConstants.swift in Sources */ = {isa = PBXBuildFile; fileRef = DD6C5DA42B025B5D005B3150 /* NetworkConstants.swift */; };
		DD6C5DA72B025CB2005B3150 /* ApiError.swift in Sources */ = {isa = PBXBuildFile; fileRef = DD6C5DA62B025CB2005B3150 /* ApiError.swift */; };
		DD6C5DA92B02600D005B3150 /* AuthApiClient.swift in Sources */ = {isa = PBXBuildFile; fileRef = DD6C5DA82B02600D005B3150 /* AuthApiClient.swift */; };
		DD8E5E2A2AFD12A200C50F92 /* SplashDataProvider.swift in Sources */ = {isa = PBXBuildFile; fileRef = DD8E5E292AFD12A200C50F92 /* SplashDataProvider.swift */; };
		DD8E5E2C2AFD12F600C50F92 /* SplashViewData.swift in Sources */ = {isa = PBXBuildFile; fileRef = DD8E5E2B2AFD12F600C50F92 /* SplashViewData.swift */; };
		DD8E5E2E2AFD131B00C50F92 /* SplashView.swift in Sources */ = {isa = PBXBuildFile; fileRef = DD8E5E2D2AFD131B00C50F92 /* SplashView.swift */; };
		DD8E5E302AFD137D00C50F92 /* SplashViewController.swift in Sources */ = {isa = PBXBuildFile; fileRef = DD8E5E2F2AFD137D00C50F92 /* SplashViewController.swift */; };
		DD8E5E322AFD140D00C50F92 /* SplashCoordinator.swift in Sources */ = {isa = PBXBuildFile; fileRef = DD8E5E312AFD140D00C50F92 /* SplashCoordinator.swift */; };
		DD8E5E342AFD146A00C50F92 /* SplashAssembly.swift in Sources */ = {isa = PBXBuildFile; fileRef = DD8E5E332AFD146A00C50F92 /* SplashAssembly.swift */; };
		DD92A4732B0F883F009C73F9 /* TabBarController.swift in Sources */ = {isa = PBXBuildFile; fileRef = DD92A4722B0F883F009C73F9 /* TabBarController.swift */; };
		DD92A4762B0F88A5009C73F9 /* RootTab.swift in Sources */ = {isa = PBXBuildFile; fileRef = DD92A4752B0F88A5009C73F9 /* RootTab.swift */; };
		DD92A4782B0F8948009C73F9 /* BaseNavigationController.swift in Sources */ = {isa = PBXBuildFile; fileRef = DD92A4772B0F8948009C73F9 /* BaseNavigationController.swift */; };
		DD92A47B2B0F926B009C73F9 /* SPIndicator in Frameworks */ = {isa = PBXBuildFile; productRef = DD92A47A2B0F926B009C73F9 /* SPIndicator */; };
		DD92A47E2B0F9439009C73F9 /* PKHUD in Frameworks */ = {isa = PBXBuildFile; productRef = DD92A47D2B0F9439009C73F9 /* PKHUD */; };
		DD9921A82B21F3E60038C547 /* CoreNibReusable.swift in Sources */ = {isa = PBXBuildFile; fileRef = DD9921A72B21F3E60038C547 /* CoreNibReusable.swift */; };
		DD9921AA2B21F4320038C547 /* CoreCellInputData.swift in Sources */ = {isa = PBXBuildFile; fileRef = DD9921A92B21F4320038C547 /* CoreCellInputData.swift */; };
		DD9921AC2B21F48F0038C547 /* CoreCellView.swift in Sources */ = {isa = PBXBuildFile; fileRef = DD9921AB2B21F48F0038C547 /* CoreCellView.swift */; };
		DD9921AE2B21F5510038C547 /* CoreReusableView.swift in Sources */ = {isa = PBXBuildFile; fileRef = DD9921AD2B21F5510038C547 /* CoreReusableView.swift */; };
		DD9921B02B21F6DD0038C547 /* EmptyReusableView.swift in Sources */ = {isa = PBXBuildFile; fileRef = DD9921AF2B21F6DD0038C547 /* EmptyReusableView.swift */; };
		DD9921B22B21FB3D0038C547 /* CoreSection.swift in Sources */ = {isa = PBXBuildFile; fileRef = DD9921B12B21FB3D0038C547 /* CoreSection.swift */; };
		DD9921B42B21FCC40038C547 /* Section.swift in Sources */ = {isa = PBXBuildFile; fileRef = DD9921B32B21FCC40038C547 /* Section.swift */; };
		DD9921B62B21FD680038C547 /* UICollectionView+Registrate.swift in Sources */ = {isa = PBXBuildFile; fileRef = DD9921B52B21FD680038C547 /* UICollectionView+Registrate.swift */; };
		DD9921B82B21FFA40038C547 /* CharactersView.swift in Sources */ = {isa = PBXBuildFile; fileRef = DD9921B72B21FFA40038C547 /* CharactersView.swift */; };
		DD9921BA2B2203ED0038C547 /* CharactersViewData.swift in Sources */ = {isa = PBXBuildFile; fileRef = DD9921B92B2203ED0038C547 /* CharactersViewData.swift */; };
		DD9921BE2B2204360038C547 /* CharactersCell.swift in Sources */ = {isa = PBXBuildFile; fileRef = DD9921BC2B2204360038C547 /* CharactersCell.swift */; };
		DD9921BF2B2204360038C547 /* CharactersCell.xib in Resources */ = {isa = PBXBuildFile; fileRef = DD9921BD2B2204360038C547 /* CharactersCell.xib */; };
		DD9921C12B2204CD0038C547 /* CharactersCellData.swift in Sources */ = {isa = PBXBuildFile; fileRef = DD9921C02B2204CD0038C547 /* CharactersCellData.swift */; };
		DDEC2E7A2B18B01B00EC7D2B /* CharacterAssembly.swift in Sources */ = {isa = PBXBuildFile; fileRef = DDEC2E762B18B01B00EC7D2B /* CharacterAssembly.swift */; };
		DDEC2E7B2B18B01B00EC7D2B /* CharacterCoordinator.swift in Sources */ = {isa = PBXBuildFile; fileRef = DDEC2E772B18B01B00EC7D2B /* CharacterCoordinator.swift */; };
		DDEC2E7C2B18B01B00EC7D2B /* CharacterDataProvider.swift in Sources */ = {isa = PBXBuildFile; fileRef = DDEC2E782B18B01B00EC7D2B /* CharacterDataProvider.swift */; };
		DDEC2E7D2B18B01B00EC7D2B /* CharacterViewController.swift in Sources */ = {isa = PBXBuildFile; fileRef = DDEC2E792B18B01B00EC7D2B /* CharacterViewController.swift */; };
		DDEC2E802B18CC6500EC7D2B /* ImageService.swift in Sources */ = {isa = PBXBuildFile; fileRef = DDEC2E7F2B18CC6500EC7D2B /* ImageService.swift */; };
/* End PBXBuildFile section */

/* Begin PBXFileReference section */
		8DFFF1CF2AC8317800AACFA0 /* iosSchool_HH.app */ = {isa = PBXFileReference; explicitFileType = wrapper.application; includeInIndex = 0; path = iosSchool_HH.app; sourceTree = BUILT_PRODUCTS_DIR; };
		8DFFF1D22AC8317800AACFA0 /* AppDelegate.swift */ = {isa = PBXFileReference; lastKnownFileType = sourcecode.swift; path = AppDelegate.swift; sourceTree = "<group>"; };
		8DFFF1D42AC8317800AACFA0 /* SceneDelegate.swift */ = {isa = PBXFileReference; lastKnownFileType = sourcecode.swift; path = SceneDelegate.swift; sourceTree = "<group>"; };
		8DFFF1DB2AC8317900AACFA0 /* Assets.xcassets */ = {isa = PBXFileReference; lastKnownFileType = folder.assetcatalog; path = Assets.xcassets; sourceTree = "<group>"; };
		8DFFF1DE2AC8317900AACFA0 /* Base */ = {isa = PBXFileReference; lastKnownFileType = file.storyboard; name = Base; path = Base.lproj/LaunchScreen.storyboard; sourceTree = "<group>"; };
		8DFFF1E02AC8317900AACFA0 /* Info.plist */ = {isa = PBXFileReference; lastKnownFileType = text.plist.xml; path = Info.plist; sourceTree = "<group>"; };
		DD2AA4AC2AE69BDE0024FCCC /* ColorGenerator.swift */ = {isa = PBXFileReference; lastKnownFileType = sourcecode.swift; path = ColorGenerator.swift; sourceTree = "<group>"; };
		DD38008B2AF9184A00D8B4D3 /* BaseCoordinator.swift */ = {isa = PBXFileReference; lastKnownFileType = sourcecode.swift; path = BaseCoordinator.swift; sourceTree = "<group>"; };
		DD38008D2AF9193700D8B4D3 /* AppCoordinator.swift */ = {isa = PBXFileReference; lastKnownFileType = sourcecode.swift; path = AppCoordinator.swift; sourceTree = "<group>"; };
		DD3800922AF922E100D8B4D3 /* AuthViewController.swift */ = {isa = PBXFileReference; lastKnownFileType = sourcecode.swift; path = AuthViewController.swift; sourceTree = "<group>"; };
		DD3800942AF9230A00D8B4D3 /* AuthView.swift */ = {isa = PBXFileReference; lastKnownFileType = sourcecode.swift; path = AuthView.swift; sourceTree = "<group>"; };
		DD3800962AF9242400D8B4D3 /* AuthViewData.swift */ = {isa = PBXFileReference; lastKnownFileType = sourcecode.swift; path = AuthViewData.swift; sourceTree = "<group>"; };
		DD3800982AF9245200D8B4D3 /* AuthDataProvider.swift */ = {isa = PBXFileReference; lastKnownFileType = sourcecode.swift; path = AuthDataProvider.swift; sourceTree = "<group>"; };
		DD38009A2AF9249300D8B4D3 /* AuthAssembly.swift */ = {isa = PBXFileReference; lastKnownFileType = sourcecode.swift; path = AuthAssembly.swift; sourceTree = "<group>"; };
		DD38009C2AF9261000D8B4D3 /* AuthCoordinator.swift */ = {isa = PBXFileReference; lastKnownFileType = sourcecode.swift; path = AuthCoordinator.swift; sourceTree = "<group>"; };
		DD53E73C2B14B653004AA847 /* LocationDataProvider.swift */ = {isa = PBXFileReference; fileEncoding = 4; lastKnownFileType = sourcecode.swift; path = LocationDataProvider.swift; sourceTree = "<group>"; };
		DD53E73D2B14B653004AA847 /* LocationViewController.swift */ = {isa = PBXFileReference; fileEncoding = 4; lastKnownFileType = sourcecode.swift; path = LocationViewController.swift; sourceTree = "<group>"; };
		DD53E73E2B14B653004AA847 /* LocationAssembly.swift */ = {isa = PBXFileReference; fileEncoding = 4; lastKnownFileType = sourcecode.swift; path = LocationAssembly.swift; sourceTree = "<group>"; };
		DD53E73F2B14B653004AA847 /* LocationCoordinator.swift */ = {isa = PBXFileReference; fileEncoding = 4; lastKnownFileType = sourcecode.swift; path = LocationCoordinator.swift; sourceTree = "<group>"; };
		DD53E7442B14B67C004AA847 /* LocationApiClient.swift */ = {isa = PBXFileReference; fileEncoding = 4; lastKnownFileType = sourcecode.swift; path = LocationApiClient.swift; sourceTree = "<group>"; };
		DD53E7452B14B67C004AA847 /* CharacterApiClient.swift */ = {isa = PBXFileReference; fileEncoding = 4; lastKnownFileType = sourcecode.swift; path = CharacterApiClient.swift; sourceTree = "<group>"; };
		DD53E7482B14B70E004AA847 /* Character.swift */ = {isa = PBXFileReference; fileEncoding = 4; lastKnownFileType = sourcecode.swift; path = Character.swift; sourceTree = "<group>"; };
		DD53E74A2B14C253004AA847 /* LocationView.swift */ = {isa = PBXFileReference; lastKnownFileType = sourcecode.swift; path = LocationView.swift; sourceTree = "<group>"; };
		DD53E74C2B14D17E004AA847 /* LocationViewData.swift */ = {isa = PBXFileReference; lastKnownFileType = sourcecode.swift; path = LocationViewData.swift; sourceTree = "<group>"; };
		DD53E74F2B14D1FC004AA847 /* LocationCell.swift */ = {isa = PBXFileReference; lastKnownFileType = sourcecode.swift; path = LocationCell.swift; sourceTree = "<group>"; };
		DD53E7502B14D1FC004AA847 /* LocationCell.xib */ = {isa = PBXFileReference; lastKnownFileType = file.xib; path = LocationCell.xib; sourceTree = "<group>"; };
		DD53E7532B14D4D4004AA847 /* LocationCellData.swift */ = {isa = PBXFileReference; lastKnownFileType = sourcecode.swift; path = LocationCellData.swift; sourceTree = "<group>"; };
		DD53E7562B14D7CC004AA847 /* NSObject+ClassName.swift */ = {isa = PBXFileReference; lastKnownFileType = sourcecode.swift; path = "NSObject+ClassName.swift"; sourceTree = "<group>"; };
		DD5809CC2AEAA5CC00B27593 /* Assembly.swift */ = {isa = PBXFileReference; lastKnownFileType = sourcecode.swift; path = Assembly.swift; sourceTree = "<group>"; };
		DD61A5DF2B1E018A005E7F17 /* StorageManager.swift */ = {isa = PBXFileReference; lastKnownFileType = sourcecode.swift; path = StorageManager.swift; sourceTree = "<group>"; };
		DD64A57C2B06408D00FCB183 /* BaseViewController.swift */ = {isa = PBXFileReference; lastKnownFileType = sourcecode.swift; path = BaseViewController.swift; sourceTree = "<group>"; };
		DD64A57F2B0642E700FCB183 /* AuthViewImp.xib */ = {isa = PBXFileReference; lastKnownFileType = file.xib; path = AuthViewImp.xib; sourceTree = "<group>"; };
		DD6C5D9B2B02513D005B3150 /* Location.swift */ = {isa = PBXFileReference; lastKnownFileType = sourcecode.swift; path = Location.swift; sourceTree = "<group>"; };
		DD6C5D9D2B0259C9005B3150 /* LocationsList.swift */ = {isa = PBXFileReference; lastKnownFileType = sourcecode.swift; path = LocationsList.swift; sourceTree = "<group>"; };
		DD6C5D9F2B025A38005B3150 /* TokenResponse.swift */ = {isa = PBXFileReference; lastKnownFileType = sourcecode.swift; path = TokenResponse.swift; sourceTree = "<group>"; };
		DD6C5DA22B025AEF005B3150 /* ApiClient.swift */ = {isa = PBXFileReference; lastKnownFileType = sourcecode.swift; path = ApiClient.swift; sourceTree = "<group>"; };
		DD6C5DA42B025B5D005B3150 /* NetworkConstants.swift */ = {isa = PBXFileReference; lastKnownFileType = sourcecode.swift; path = NetworkConstants.swift; sourceTree = "<group>"; };
		DD6C5DA62B025CB2005B3150 /* ApiError.swift */ = {isa = PBXFileReference; lastKnownFileType = sourcecode.swift; path = ApiError.swift; sourceTree = "<group>"; };
		DD6C5DA82B02600D005B3150 /* AuthApiClient.swift */ = {isa = PBXFileReference; lastKnownFileType = sourcecode.swift; path = AuthApiClient.swift; sourceTree = "<group>"; };
		DD8E5E292AFD12A200C50F92 /* SplashDataProvider.swift */ = {isa = PBXFileReference; lastKnownFileType = sourcecode.swift; path = SplashDataProvider.swift; sourceTree = "<group>"; };
		DD8E5E2B2AFD12F600C50F92 /* SplashViewData.swift */ = {isa = PBXFileReference; lastKnownFileType = sourcecode.swift; path = SplashViewData.swift; sourceTree = "<group>"; };
		DD8E5E2D2AFD131B00C50F92 /* SplashView.swift */ = {isa = PBXFileReference; lastKnownFileType = sourcecode.swift; path = SplashView.swift; sourceTree = "<group>"; };
		DD8E5E2F2AFD137D00C50F92 /* SplashViewController.swift */ = {isa = PBXFileReference; lastKnownFileType = sourcecode.swift; path = SplashViewController.swift; sourceTree = "<group>"; };
		DD8E5E312AFD140D00C50F92 /* SplashCoordinator.swift */ = {isa = PBXFileReference; lastKnownFileType = sourcecode.swift; path = SplashCoordinator.swift; sourceTree = "<group>"; };
		DD8E5E332AFD146A00C50F92 /* SplashAssembly.swift */ = {isa = PBXFileReference; lastKnownFileType = sourcecode.swift; path = SplashAssembly.swift; sourceTree = "<group>"; };
		DD92A4722B0F883F009C73F9 /* TabBarController.swift */ = {isa = PBXFileReference; lastKnownFileType = sourcecode.swift; path = TabBarController.swift; sourceTree = "<group>"; };
		DD92A4752B0F88A5009C73F9 /* RootTab.swift */ = {isa = PBXFileReference; lastKnownFileType = sourcecode.swift; path = RootTab.swift; sourceTree = "<group>"; };
		DD92A4772B0F8948009C73F9 /* BaseNavigationController.swift */ = {isa = PBXFileReference; lastKnownFileType = sourcecode.swift; path = BaseNavigationController.swift; sourceTree = "<group>"; };
		DD9921A72B21F3E60038C547 /* CoreNibReusable.swift */ = {isa = PBXFileReference; lastKnownFileType = sourcecode.swift; path = CoreNibReusable.swift; sourceTree = "<group>"; };
		DD9921A92B21F4320038C547 /* CoreCellInputData.swift */ = {isa = PBXFileReference; lastKnownFileType = sourcecode.swift; path = CoreCellInputData.swift; sourceTree = "<group>"; };
		DD9921AB2B21F48F0038C547 /* CoreCellView.swift */ = {isa = PBXFileReference; lastKnownFileType = sourcecode.swift; path = CoreCellView.swift; sourceTree = "<group>"; };
		DD9921AD2B21F5510038C547 /* CoreReusableView.swift */ = {isa = PBXFileReference; lastKnownFileType = sourcecode.swift; path = CoreReusableView.swift; sourceTree = "<group>"; };
		DD9921AF2B21F6DD0038C547 /* EmptyReusableView.swift */ = {isa = PBXFileReference; lastKnownFileType = sourcecode.swift; path = EmptyReusableView.swift; sourceTree = "<group>"; };
		DD9921B12B21FB3D0038C547 /* CoreSection.swift */ = {isa = PBXFileReference; lastKnownFileType = sourcecode.swift; path = CoreSection.swift; sourceTree = "<group>"; };
		DD9921B32B21FCC40038C547 /* Section.swift */ = {isa = PBXFileReference; lastKnownFileType = sourcecode.swift; path = Section.swift; sourceTree = "<group>"; };
		DD9921B52B21FD680038C547 /* UICollectionView+Registrate.swift */ = {isa = PBXFileReference; lastKnownFileType = sourcecode.swift; path = "UICollectionView+Registrate.swift"; sourceTree = "<group>"; };
		DD9921B72B21FFA40038C547 /* CharactersView.swift */ = {isa = PBXFileReference; lastKnownFileType = sourcecode.swift; path = CharactersView.swift; sourceTree = "<group>"; };
		DD9921B92B2203ED0038C547 /* CharactersViewData.swift */ = {isa = PBXFileReference; lastKnownFileType = sourcecode.swift; path = CharactersViewData.swift; sourceTree = "<group>"; };
		DD9921BC2B2204360038C547 /* CharactersCell.swift */ = {isa = PBXFileReference; lastKnownFileType = sourcecode.swift; path = CharactersCell.swift; sourceTree = "<group>"; };
		DD9921BD2B2204360038C547 /* CharactersCell.xib */ = {isa = PBXFileReference; lastKnownFileType = file.xib; path = CharactersCell.xib; sourceTree = "<group>"; };
		DD9921C02B2204CD0038C547 /* CharactersCellData.swift */ = {isa = PBXFileReference; lastKnownFileType = sourcecode.swift; path = CharactersCellData.swift; sourceTree = "<group>"; };
		DDEC2E762B18B01B00EC7D2B /* CharacterAssembly.swift */ = {isa = PBXFileReference; fileEncoding = 4; lastKnownFileType = sourcecode.swift; path = CharacterAssembly.swift; sourceTree = "<group>"; };
		DDEC2E772B18B01B00EC7D2B /* CharacterCoordinator.swift */ = {isa = PBXFileReference; fileEncoding = 4; lastKnownFileType = sourcecode.swift; path = CharacterCoordinator.swift; sourceTree = "<group>"; };
		DDEC2E782B18B01B00EC7D2B /* CharacterDataProvider.swift */ = {isa = PBXFileReference; fileEncoding = 4; lastKnownFileType = sourcecode.swift; path = CharacterDataProvider.swift; sourceTree = "<group>"; };
		DDEC2E792B18B01B00EC7D2B /* CharacterViewController.swift */ = {isa = PBXFileReference; fileEncoding = 4; lastKnownFileType = sourcecode.swift; path = CharacterViewController.swift; sourceTree = "<group>"; };
		DDEC2E7F2B18CC6500EC7D2B /* ImageService.swift */ = {isa = PBXFileReference; lastKnownFileType = sourcecode.swift; path = ImageService.swift; sourceTree = "<group>"; };
/* End PBXFileReference section */

/* Begin PBXFrameworksBuildPhase section */
		8DFFF1CC2AC8317800AACFA0 /* Frameworks */ = {
			isa = PBXFrameworksBuildPhase;
			buildActionMask = 2147483647;
			files = (
				DD92A47B2B0F926B009C73F9 /* SPIndicator in Frameworks */,
				DD92A47E2B0F9439009C73F9 /* PKHUD in Frameworks */,
				DD61A5DE2B1E0140005E7F17 /* KeychainAccess in Frameworks */,
			);
			runOnlyForDeploymentPostprocessing = 0;
		};
/* End PBXFrameworksBuildPhase section */

/* Begin PBXGroup section */
		8DFFF1C62AC8317800AACFA0 = {
			isa = PBXGroup;
			children = (
				8DFFF1D12AC8317800AACFA0 /* iosSchool_HH */,
				8DFFF1D02AC8317800AACFA0 /* Products */,
			);
			sourceTree = "<group>";
		};
		8DFFF1D02AC8317800AACFA0 /* Products */ = {
			isa = PBXGroup;
			children = (
				8DFFF1CF2AC8317800AACFA0 /* iosSchool_HH.app */,
			);
			name = Products;
			sourceTree = "<group>";
		};
		8DFFF1D12AC8317800AACFA0 /* iosSchool_HH */ = {
			isa = PBXGroup;
			children = (
				DDEC2E7E2B18CC5000EC7D2B /* Services */,
				DD53E7552B14D790004AA847 /* Extensions */,
				DD92A4742B0F8891009C73F9 /* UIKit */,
				DD64A57B2B06406900FCB183 /* Common */,
				DD6C5DA12B025AE2005B3150 /* ApiClient */,
				DD6C5D9A2B025112005B3150 /* Models */,
				DD3800902AF9223C00D8B4D3 /* Modules */,
				DD2AA4AC2AE69BDE0024FCCC /* ColorGenerator.swift */,
				8DFFF1D22AC8317800AACFA0 /* AppDelegate.swift */,
				8DFFF1D42AC8317800AACFA0 /* SceneDelegate.swift */,
				8DFFF1DB2AC8317900AACFA0 /* Assets.xcassets */,
				8DFFF1DD2AC8317900AACFA0 /* LaunchScreen.storyboard */,
				8DFFF1E02AC8317900AACFA0 /* Info.plist */,
				DD5809CC2AEAA5CC00B27593 /* Assembly.swift */,
				DD38008D2AF9193700D8B4D3 /* AppCoordinator.swift */,
			);
			path = iosSchool_HH;
			sourceTree = "<group>";
		};
		DD3800902AF9223C00D8B4D3 /* Modules */ = {
			isa = PBXGroup;
			children = (
				DDEC2E752B18AFE500EC7D2B /* Characters */,
				DD53E73B2B14B591004AA847 /* Location */,
				DD8E5E282AFD128000C50F92 /* Splash */,
				DD3800912AF9225200D8B4D3 /* Auth */,
			);
			path = Modules;
			sourceTree = "<group>";
		};
		DD3800912AF9225200D8B4D3 /* Auth */ = {
			isa = PBXGroup;
			children = (
				DD64A57E2B0642C300FCB183 /* Subviews */,
				DD3800922AF922E100D8B4D3 /* AuthViewController.swift */,
				DD3800942AF9230A00D8B4D3 /* AuthView.swift */,
				DD3800962AF9242400D8B4D3 /* AuthViewData.swift */,
				DD3800982AF9245200D8B4D3 /* AuthDataProvider.swift */,
				DD38009A2AF9249300D8B4D3 /* AuthAssembly.swift */,
				DD38009C2AF9261000D8B4D3 /* AuthCoordinator.swift */,
			);
			path = Auth;
			sourceTree = "<group>";
		};
		DD53E73B2B14B591004AA847 /* Location */ = {
			isa = PBXGroup;
			children = (
				DD53E74E2B14D1BE004AA847 /* Subviews */,
				DD53E73E2B14B653004AA847 /* LocationAssembly.swift */,
				DD53E73F2B14B653004AA847 /* LocationCoordinator.swift */,
				DD53E73C2B14B653004AA847 /* LocationDataProvider.swift */,
				DD53E73D2B14B653004AA847 /* LocationViewController.swift */,
				DD53E74A2B14C253004AA847 /* LocationView.swift */,
				DD53E74C2B14D17E004AA847 /* LocationViewData.swift */,
			);
			path = Location;
			sourceTree = "<group>";
		};
		DD53E74E2B14D1BE004AA847 /* Subviews */ = {
			isa = PBXGroup;
			children = (
				DD53E74F2B14D1FC004AA847 /* LocationCell.swift */,
				DD53E7502B14D1FC004AA847 /* LocationCell.xib */,
				DD53E7532B14D4D4004AA847 /* LocationCellData.swift */,
			);
			path = Subviews;
			sourceTree = "<group>";
		};
		DD53E7552B14D790004AA847 /* Extensions */ = {
			isa = PBXGroup;
			children = (
				DD53E7562B14D7CC004AA847 /* NSObject+ClassName.swift */,
				DD9921B52B21FD680038C547 /* UICollectionView+Registrate.swift */,
			);
			path = Extensions;
			sourceTree = "<group>";
		};
		DD64A57B2B06406900FCB183 /* Common */ = {
			isa = PBXGroup;
			children = (
				DD38008B2AF9184A00D8B4D3 /* BaseCoordinator.swift */,
				DD64A57C2B06408D00FCB183 /* BaseViewController.swift */,
				DD92A4722B0F883F009C73F9 /* TabBarController.swift */,
				DD92A4772B0F8948009C73F9 /* BaseNavigationController.swift */,
			);
			path = Common;
			sourceTree = "<group>";
		};
		DD64A57E2B0642C300FCB183 /* Subviews */ = {
			isa = PBXGroup;
			children = (
				DD64A57F2B0642E700FCB183 /* AuthViewImp.xib */,
			);
			path = Subviews;
			sourceTree = "<group>";
		};
		DD6C5D9A2B025112005B3150 /* Models */ = {
			isa = PBXGroup;
			children = (
				DD53E7482B14B70E004AA847 /* Character.swift */,
				DD6C5D9B2B02513D005B3150 /* Location.swift */,
				DD6C5D9D2B0259C9005B3150 /* LocationsList.swift */,
				DD6C5D9F2B025A38005B3150 /* TokenResponse.swift */,
			);
			path = Models;
			sourceTree = "<group>";
		};
		DD6C5DA12B025AE2005B3150 /* ApiClient */ = {
			isa = PBXGroup;
			children = (
				DD53E7452B14B67C004AA847 /* CharacterApiClient.swift */,
				DD53E7442B14B67C004AA847 /* LocationApiClient.swift */,
				DD6C5DA22B025AEF005B3150 /* ApiClient.swift */,
				DD6C5DA42B025B5D005B3150 /* NetworkConstants.swift */,
				DD6C5DA62B025CB2005B3150 /* ApiError.swift */,
				DD6C5DA82B02600D005B3150 /* AuthApiClient.swift */,
			);
			path = ApiClient;
			sourceTree = "<group>";
		};
		DD8E5E282AFD128000C50F92 /* Splash */ = {
			isa = PBXGroup;
			children = (
				DD8E5E292AFD12A200C50F92 /* SplashDataProvider.swift */,
				DD8E5E2B2AFD12F600C50F92 /* SplashViewData.swift */,
				DD8E5E2D2AFD131B00C50F92 /* SplashView.swift */,
				DD8E5E2F2AFD137D00C50F92 /* SplashViewController.swift */,
				DD8E5E312AFD140D00C50F92 /* SplashCoordinator.swift */,
				DD8E5E332AFD146A00C50F92 /* SplashAssembly.swift */,
			);
			path = Splash;
			sourceTree = "<group>";
		};
		DD92A4742B0F8891009C73F9 /* UIKit */ = {
			isa = PBXGroup;
			children = (
				DD9921A62B21F3AE0038C547 /* CollectionView */,
				DD92A4752B0F88A5009C73F9 /* RootTab.swift */,
			);
			path = UIKit;
			sourceTree = "<group>";
		};
		DD9921A62B21F3AE0038C547 /* CollectionView */ = {
			isa = PBXGroup;
			children = (
				DD9921A72B21F3E60038C547 /* CoreNibReusable.swift */,
				DD9921A92B21F4320038C547 /* CoreCellInputData.swift */,
				DD9921AB2B21F48F0038C547 /* CoreCellView.swift */,
				DD9921AD2B21F5510038C547 /* CoreReusableView.swift */,
				DD9921AF2B21F6DD0038C547 /* EmptyReusableView.swift */,
				DD9921B12B21FB3D0038C547 /* CoreSection.swift */,
				DD9921B32B21FCC40038C547 /* Section.swift */,
			);
			path = CollectionView;
			sourceTree = "<group>";
		};
		DD9921BB2B2204040038C547 /* Subviews */ = {
			isa = PBXGroup;
			children = (
				DD9921BC2B2204360038C547 /* CharactersCell.swift */,
				DD9921BD2B2204360038C547 /* CharactersCell.xib */,
				DD9921C02B2204CD0038C547 /* CharactersCellData.swift */,
			);
			path = Subviews;
			sourceTree = "<group>";
		};
		DDEC2E752B18AFE500EC7D2B /* Characters */ = {
			isa = PBXGroup;
			children = (
				DD9921BB2B2204040038C547 /* Subviews */,
				DDEC2E762B18B01B00EC7D2B /* CharacterAssembly.swift */,
				DDEC2E772B18B01B00EC7D2B /* CharacterCoordinator.swift */,
				DDEC2E782B18B01B00EC7D2B /* CharacterDataProvider.swift */,
				DDEC2E792B18B01B00EC7D2B /* CharacterViewController.swift */,
				DD9921B72B21FFA40038C547 /* CharactersView.swift */,
				DD9921B92B2203ED0038C547 /* CharactersViewData.swift */,
			);
			path = Characters;
			sourceTree = "<group>";
		};
		DDEC2E7E2B18CC5000EC7D2B /* Services */ = {
			isa = PBXGroup;
			children = (
				DDEC2E7F2B18CC6500EC7D2B /* ImageService.swift */,
				DD61A5DF2B1E018A005E7F17 /* StorageManager.swift */,
			);
			path = Services;
			sourceTree = "<group>";
		};
/* End PBXGroup section */

/* Begin PBXNativeTarget section */
		8DFFF1CE2AC8317800AACFA0 /* iosSchool_HH */ = {
			isa = PBXNativeTarget;
			buildConfigurationList = 8DFFF1E32AC8317900AACFA0 /* Build configuration list for PBXNativeTarget "iosSchool_HH" */;
			buildPhases = (
				8DFFF1CB2AC8317800AACFA0 /* Sources */,
				8DFFF1CC2AC8317800AACFA0 /* Frameworks */,
				8DFFF1CD2AC8317800AACFA0 /* Resources */,
				DD2AA4AE2AE6AB110024FCCC /* SwiftLint */,
			);
			buildRules = (
			);
			dependencies = (
			);
			name = iosSchool_HH;
			packageProductDependencies = (
				DD92A47A2B0F926B009C73F9 /* SPIndicator */,
				DD92A47D2B0F9439009C73F9 /* PKHUD */,
				DD61A5DD2B1E0140005E7F17 /* KeychainAccess */,
			);
			productName = iosSchool_HH;
			productReference = 8DFFF1CF2AC8317800AACFA0 /* iosSchool_HH.app */;
			productType = "com.apple.product-type.application";
		};
/* End PBXNativeTarget section */

/* Begin PBXProject section */
		8DFFF1C72AC8317800AACFA0 /* Project object */ = {
			isa = PBXProject;
			attributes = {
				BuildIndependentTargetsInParallel = 1;
				LastSwiftUpdateCheck = 1430;
				LastUpgradeCheck = 1430;
				TargetAttributes = {
					8DFFF1CE2AC8317800AACFA0 = {
						CreatedOnToolsVersion = 14.3.1;
					};
				};
			};
			buildConfigurationList = 8DFFF1CA2AC8317800AACFA0 /* Build configuration list for PBXProject "iosSchool_HH" */;
			compatibilityVersion = "Xcode 14.0";
			developmentRegion = en;
			hasScannedForEncodings = 0;
			knownRegions = (
				en,
				Base,
			);
			mainGroup = 8DFFF1C62AC8317800AACFA0;
			packageReferences = (
				DD92A4792B0F926B009C73F9 /* XCRemoteSwiftPackageReference "SPIndicator" */,
				DD92A47C2B0F9439009C73F9 /* XCRemoteSwiftPackageReference "PKHUD" */,
				DD61A5DC2B1E0140005E7F17 /* XCRemoteSwiftPackageReference "KeychainAccess" */,
			);
			productRefGroup = 8DFFF1D02AC8317800AACFA0 /* Products */;
			projectDirPath = "";
			projectRoot = "";
			targets = (
				8DFFF1CE2AC8317800AACFA0 /* iosSchool_HH */,
			);
		};
/* End PBXProject section */

/* Begin PBXResourcesBuildPhase section */
		8DFFF1CD2AC8317800AACFA0 /* Resources */ = {
			isa = PBXResourcesBuildPhase;
			buildActionMask = 2147483647;
			files = (
				8DFFF1DF2AC8317900AACFA0 /* LaunchScreen.storyboard in Resources */,
				8DFFF1DC2AC8317900AACFA0 /* Assets.xcassets in Resources */,
				DD9921BF2B2204360038C547 /* CharactersCell.xib in Resources */,
				DD53E7522B14D1FC004AA847 /* LocationCell.xib in Resources */,
				DD64A5802B0642E700FCB183 /* AuthViewImp.xib in Resources */,
			);
			runOnlyForDeploymentPostprocessing = 0;
		};
/* End PBXResourcesBuildPhase section */

/* Begin PBXShellScriptBuildPhase section */
		DD2AA4AE2AE6AB110024FCCC /* SwiftLint */ = {
			isa = PBXShellScriptBuildPhase;
			alwaysOutOfDate = 1;
			buildActionMask = 2147483647;
			files = (
			);
			inputFileListPaths = (
			);
			inputPaths = (
			);
			name = SwiftLint;
			outputFileListPaths = (
			);
			outputPaths = (
			);
			runOnlyForDeploymentPostprocessing = 0;
			shellPath = /bin/sh;
			shellScript = "# Type a script or drag a script file from your workspace to insert its path.\nexport PATH=\"$PATH:/opt/homebrew/bin\"\nif which swiftlint > /dev/null; then\n  swiftlint\nelse\n  echo \"warning: SwiftLint not installed\"\nfi\n";
		};
/* End PBXShellScriptBuildPhase section */

/* Begin PBXSourcesBuildPhase section */
		8DFFF1CB2AC8317800AACFA0 /* Sources */ = {
			isa = PBXSourcesBuildPhase;
			buildActionMask = 2147483647;
			files = (
				DD53E7402B14B653004AA847 /* LocationDataProvider.swift in Sources */,
				DD53E7472B14B67C004AA847 /* CharacterApiClient.swift in Sources */,
				DD6C5DA52B025B5D005B3150 /* NetworkConstants.swift in Sources */,
				DD8E5E2E2AFD131B00C50F92 /* SplashView.swift in Sources */,
				DD38009D2AF9261000D8B4D3 /* AuthCoordinator.swift in Sources */,
				DD8E5E322AFD140D00C50F92 /* SplashCoordinator.swift in Sources */,
				DD64A57D2B06408D00FCB183 /* BaseViewController.swift in Sources */,
				DD6C5DA32B025AEF005B3150 /* ApiClient.swift in Sources */,
				DDEC2E7C2B18B01B00EC7D2B /* CharacterDataProvider.swift in Sources */,
				DD9921B42B21FCC40038C547 /* Section.swift in Sources */,
				DD8E5E302AFD137D00C50F92 /* SplashViewController.swift in Sources */,
				DD92A4782B0F8948009C73F9 /* BaseNavigationController.swift in Sources */,
				DD92A4762B0F88A5009C73F9 /* RootTab.swift in Sources */,
				DD38008C2AF9184A00D8B4D3 /* BaseCoordinator.swift in Sources */,
				DD8E5E2A2AFD12A200C50F92 /* SplashDataProvider.swift in Sources */,
				DD3800972AF9242400D8B4D3 /* AuthViewData.swift in Sources */,
				DD38009B2AF9249300D8B4D3 /* AuthAssembly.swift in Sources */,
				DD53E74D2B14D17E004AA847 /* LocationViewData.swift in Sources */,
				DD53E74B2B14C253004AA847 /* LocationView.swift in Sources */,
				DD53E7432B14B653004AA847 /* LocationCoordinator.swift in Sources */,
				DD53E7512B14D1FC004AA847 /* LocationCell.swift in Sources */,
				DD53E7412B14B653004AA847 /* LocationViewController.swift in Sources */,
				DD3800992AF9245200D8B4D3 /* AuthDataProvider.swift in Sources */,
				DD9921C12B2204CD0038C547 /* CharactersCellData.swift in Sources */,
				DD5809CD2AEAA5CC00B27593 /* Assembly.swift in Sources */,
				DD2AA4AD2AE69BDE0024FCCC /* ColorGenerator.swift in Sources */,
				DD3800932AF922E100D8B4D3 /* AuthViewController.swift in Sources */,
				DD9921BA2B2203ED0038C547 /* CharactersViewData.swift in Sources */,
				DD9921B82B21FFA40038C547 /* CharactersView.swift in Sources */,
				DD9921AC2B21F48F0038C547 /* CoreCellView.swift in Sources */,
				DD53E7462B14B67C004AA847 /* LocationApiClient.swift in Sources */,
				DD6C5DA92B02600D005B3150 /* AuthApiClient.swift in Sources */,
				DD53E7422B14B653004AA847 /* LocationAssembly.swift in Sources */,
				8DFFF1D32AC8317800AACFA0 /* AppDelegate.swift in Sources */,
				DD53E7542B14D4D4004AA847 /* LocationCellData.swift in Sources */,
				DD8E5E342AFD146A00C50F92 /* SplashAssembly.swift in Sources */,
				DDEC2E802B18CC6500EC7D2B /* ImageService.swift in Sources */,
				DD61A5E02B1E018A005E7F17 /* StorageManager.swift in Sources */,
				DD6C5D9E2B0259C9005B3150 /* LocationsList.swift in Sources */,
				DD9921B02B21F6DD0038C547 /* EmptyReusableView.swift in Sources */,
				DD9921BE2B2204360038C547 /* CharactersCell.swift in Sources */,
				DD6C5DA02B025A38005B3150 /* TokenResponse.swift in Sources */,
				DD53E7572B14D7CC004AA847 /* NSObject+ClassName.swift in Sources */,
				DD9921B62B21FD680038C547 /* UICollectionView+Registrate.swift in Sources */,
				DDEC2E7A2B18B01B00EC7D2B /* CharacterAssembly.swift in Sources */,
				DD9921A82B21F3E60038C547 /* CoreNibReusable.swift in Sources */,
				8DFFF1D52AC8317800AACFA0 /* SceneDelegate.swift in Sources */,
				DDEC2E7D2B18B01B00EC7D2B /* CharacterViewController.swift in Sources */,
				DDEC2E7B2B18B01B00EC7D2B /* CharacterCoordinator.swift in Sources */,
				DD38008E2AF9193700D8B4D3 /* AppCoordinator.swift in Sources */,
				DD3800952AF9230A00D8B4D3 /* AuthView.swift in Sources */,
				DD9921B22B21FB3D0038C547 /* CoreSection.swift in Sources */,
				DD9921AA2B21F4320038C547 /* CoreCellInputData.swift in Sources */,
				DD6C5D9C2B02513D005B3150 /* Location.swift in Sources */,
				DD53E7492B14B70E004AA847 /* Character.swift in Sources */,
				DD92A4732B0F883F009C73F9 /* TabBarController.swift in Sources */,
				DD6C5DA72B025CB2005B3150 /* ApiError.swift in Sources */,
				DD8E5E2C2AFD12F600C50F92 /* SplashViewData.swift in Sources */,
				DD9921AE2B21F5510038C547 /* CoreReusableView.swift in Sources */,
			);
			runOnlyForDeploymentPostprocessing = 0;
		};
/* End PBXSourcesBuildPhase section */

/* Begin PBXVariantGroup section */
		8DFFF1DD2AC8317900AACFA0 /* LaunchScreen.storyboard */ = {
			isa = PBXVariantGroup;
			children = (
				8DFFF1DE2AC8317900AACFA0 /* Base */,
			);
			name = LaunchScreen.storyboard;
			sourceTree = "<group>";
		};
/* End PBXVariantGroup section */

/* Begin XCBuildConfiguration section */
		8DFFF1E12AC8317900AACFA0 /* Debug */ = {
			isa = XCBuildConfiguration;
			buildSettings = {
				ALWAYS_SEARCH_USER_PATHS = NO;
				CLANG_ANALYZER_NONNULL = YES;
				CLANG_ANALYZER_NUMBER_OBJECT_CONVERSION = YES_AGGRESSIVE;
				CLANG_CXX_LANGUAGE_STANDARD = "gnu++20";
				CLANG_ENABLE_MODULES = YES;
				CLANG_ENABLE_OBJC_ARC = YES;
				CLANG_ENABLE_OBJC_WEAK = YES;
				CLANG_WARN_BLOCK_CAPTURE_AUTORELEASING = YES;
				CLANG_WARN_BOOL_CONVERSION = YES;
				CLANG_WARN_COMMA = YES;
				CLANG_WARN_CONSTANT_CONVERSION = YES;
				CLANG_WARN_DEPRECATED_OBJC_IMPLEMENTATIONS = YES;
				CLANG_WARN_DIRECT_OBJC_ISA_USAGE = YES_ERROR;
				CLANG_WARN_DOCUMENTATION_COMMENTS = YES;
				CLANG_WARN_EMPTY_BODY = YES;
				CLANG_WARN_ENUM_CONVERSION = YES;
				CLANG_WARN_INFINITE_RECURSION = YES;
				CLANG_WARN_INT_CONVERSION = YES;
				CLANG_WARN_NON_LITERAL_NULL_CONVERSION = YES;
				CLANG_WARN_OBJC_IMPLICIT_RETAIN_SELF = YES;
				CLANG_WARN_OBJC_LITERAL_CONVERSION = YES;
				CLANG_WARN_OBJC_ROOT_CLASS = YES_ERROR;
				CLANG_WARN_QUOTED_INCLUDE_IN_FRAMEWORK_HEADER = YES;
				CLANG_WARN_RANGE_LOOP_ANALYSIS = YES;
				CLANG_WARN_STRICT_PROTOTYPES = YES;
				CLANG_WARN_SUSPICIOUS_MOVE = YES;
				CLANG_WARN_UNGUARDED_AVAILABILITY = YES_AGGRESSIVE;
				CLANG_WARN_UNREACHABLE_CODE = YES;
				CLANG_WARN__DUPLICATE_METHOD_MATCH = YES;
				COPY_PHASE_STRIP = NO;
				DEBUG_INFORMATION_FORMAT = dwarf;
				ENABLE_STRICT_OBJC_MSGSEND = YES;
				ENABLE_TESTABILITY = YES;
				GCC_C_LANGUAGE_STANDARD = gnu11;
				GCC_DYNAMIC_NO_PIC = NO;
				GCC_NO_COMMON_BLOCKS = YES;
				GCC_OPTIMIZATION_LEVEL = 0;
				GCC_PREPROCESSOR_DEFINITIONS = (
					"DEBUG=1",
					"$(inherited)",
				);
				GCC_WARN_64_TO_32_BIT_CONVERSION = YES;
				GCC_WARN_ABOUT_RETURN_TYPE = YES_ERROR;
				GCC_WARN_UNDECLARED_SELECTOR = YES;
				GCC_WARN_UNINITIALIZED_AUTOS = YES_AGGRESSIVE;
				GCC_WARN_UNUSED_FUNCTION = YES;
				GCC_WARN_UNUSED_VARIABLE = YES;
				IPHONEOS_DEPLOYMENT_TARGET = 16.4;
				MTL_ENABLE_DEBUG_INFO = INCLUDE_SOURCE;
				MTL_FAST_MATH = YES;
				ONLY_ACTIVE_ARCH = YES;
				SDKROOT = iphoneos;
				SWIFT_ACTIVE_COMPILATION_CONDITIONS = DEBUG;
				SWIFT_OPTIMIZATION_LEVEL = "-Onone";
			};
			name = Debug;
		};
		8DFFF1E22AC8317900AACFA0 /* Release */ = {
			isa = XCBuildConfiguration;
			buildSettings = {
				ALWAYS_SEARCH_USER_PATHS = NO;
				CLANG_ANALYZER_NONNULL = YES;
				CLANG_ANALYZER_NUMBER_OBJECT_CONVERSION = YES_AGGRESSIVE;
				CLANG_CXX_LANGUAGE_STANDARD = "gnu++20";
				CLANG_ENABLE_MODULES = YES;
				CLANG_ENABLE_OBJC_ARC = YES;
				CLANG_ENABLE_OBJC_WEAK = YES;
				CLANG_WARN_BLOCK_CAPTURE_AUTORELEASING = YES;
				CLANG_WARN_BOOL_CONVERSION = YES;
				CLANG_WARN_COMMA = YES;
				CLANG_WARN_CONSTANT_CONVERSION = YES;
				CLANG_WARN_DEPRECATED_OBJC_IMPLEMENTATIONS = YES;
				CLANG_WARN_DIRECT_OBJC_ISA_USAGE = YES_ERROR;
				CLANG_WARN_DOCUMENTATION_COMMENTS = YES;
				CLANG_WARN_EMPTY_BODY = YES;
				CLANG_WARN_ENUM_CONVERSION = YES;
				CLANG_WARN_INFINITE_RECURSION = YES;
				CLANG_WARN_INT_CONVERSION = YES;
				CLANG_WARN_NON_LITERAL_NULL_CONVERSION = YES;
				CLANG_WARN_OBJC_IMPLICIT_RETAIN_SELF = YES;
				CLANG_WARN_OBJC_LITERAL_CONVERSION = YES;
				CLANG_WARN_OBJC_ROOT_CLASS = YES_ERROR;
				CLANG_WARN_QUOTED_INCLUDE_IN_FRAMEWORK_HEADER = YES;
				CLANG_WARN_RANGE_LOOP_ANALYSIS = YES;
				CLANG_WARN_STRICT_PROTOTYPES = YES;
				CLANG_WARN_SUSPICIOUS_MOVE = YES;
				CLANG_WARN_UNGUARDED_AVAILABILITY = YES_AGGRESSIVE;
				CLANG_WARN_UNREACHABLE_CODE = YES;
				CLANG_WARN__DUPLICATE_METHOD_MATCH = YES;
				COPY_PHASE_STRIP = NO;
				DEBUG_INFORMATION_FORMAT = "dwarf-with-dsym";
				ENABLE_NS_ASSERTIONS = NO;
				ENABLE_STRICT_OBJC_MSGSEND = YES;
				GCC_C_LANGUAGE_STANDARD = gnu11;
				GCC_NO_COMMON_BLOCKS = YES;
				GCC_WARN_64_TO_32_BIT_CONVERSION = YES;
				GCC_WARN_ABOUT_RETURN_TYPE = YES_ERROR;
				GCC_WARN_UNDECLARED_SELECTOR = YES;
				GCC_WARN_UNINITIALIZED_AUTOS = YES_AGGRESSIVE;
				GCC_WARN_UNUSED_FUNCTION = YES;
				GCC_WARN_UNUSED_VARIABLE = YES;
				IPHONEOS_DEPLOYMENT_TARGET = 16.4;
				MTL_ENABLE_DEBUG_INFO = NO;
				MTL_FAST_MATH = YES;
				SDKROOT = iphoneos;
				SWIFT_COMPILATION_MODE = wholemodule;
				SWIFT_OPTIMIZATION_LEVEL = "-O";
				VALIDATE_PRODUCT = YES;
			};
			name = Release;
		};
		8DFFF1E42AC8317900AACFA0 /* Debug */ = {
			isa = XCBuildConfiguration;
			buildSettings = {
				ASSETCATALOG_COMPILER_APPICON_NAME = AppIcon;
				ASSETCATALOG_COMPILER_GLOBAL_ACCENT_COLOR_NAME = AccentColor;
				CODE_SIGN_STYLE = Automatic;
				CURRENT_PROJECT_VERSION = 1;
				DEVELOPMENT_TEAM = 4H59Z5M7L9;
				GENERATE_INFOPLIST_FILE = YES;
				INFOPLIST_FILE = iosSchool_HH/Info.plist;
				INFOPLIST_KEY_UIApplicationSupportsIndirectInputEvents = YES;
				INFOPLIST_KEY_UILaunchStoryboardName = LaunchScreen;
				INFOPLIST_KEY_UISupportedInterfaceOrientations_iPad = "UIInterfaceOrientationPortrait UIInterfaceOrientationPortraitUpsideDown UIInterfaceOrientationLandscapeLeft UIInterfaceOrientationLandscapeRight";
				INFOPLIST_KEY_UISupportedInterfaceOrientations_iPhone = "UIInterfaceOrientationPortrait UIInterfaceOrientationLandscapeLeft UIInterfaceOrientationLandscapeRight";
				LD_RUNPATH_SEARCH_PATHS = (
					"$(inherited)",
					"@executable_path/Frameworks",
				);
				MARKETING_VERSION = 1.0;
				PRODUCT_BUNDLE_IDENTIFIER = "vaganova.iosSchool-HH";
				PRODUCT_NAME = "$(TARGET_NAME)";
				SWIFT_EMIT_LOC_STRINGS = YES;
				SWIFT_VERSION = 5.0;
				TARGETED_DEVICE_FAMILY = "1,2";
			};
			name = Debug;
		};
		8DFFF1E52AC8317900AACFA0 /* Release */ = {
			isa = XCBuildConfiguration;
			buildSettings = {
				ASSETCATALOG_COMPILER_APPICON_NAME = AppIcon;
				ASSETCATALOG_COMPILER_GLOBAL_ACCENT_COLOR_NAME = AccentColor;
				CODE_SIGN_STYLE = Automatic;
				CURRENT_PROJECT_VERSION = 1;
				DEVELOPMENT_TEAM = 4H59Z5M7L9;
				GENERATE_INFOPLIST_FILE = YES;
				INFOPLIST_FILE = iosSchool_HH/Info.plist;
				INFOPLIST_KEY_UIApplicationSupportsIndirectInputEvents = YES;
				INFOPLIST_KEY_UILaunchStoryboardName = LaunchScreen;
				INFOPLIST_KEY_UISupportedInterfaceOrientations_iPad = "UIInterfaceOrientationPortrait UIInterfaceOrientationPortraitUpsideDown UIInterfaceOrientationLandscapeLeft UIInterfaceOrientationLandscapeRight";
				INFOPLIST_KEY_UISupportedInterfaceOrientations_iPhone = "UIInterfaceOrientationPortrait UIInterfaceOrientationLandscapeLeft UIInterfaceOrientationLandscapeRight";
				LD_RUNPATH_SEARCH_PATHS = (
					"$(inherited)",
					"@executable_path/Frameworks",
				);
				MARKETING_VERSION = 1.0;
				PRODUCT_BUNDLE_IDENTIFIER = "vaganova.iosSchool-HH";
				PRODUCT_NAME = "$(TARGET_NAME)";
				SWIFT_EMIT_LOC_STRINGS = YES;
				SWIFT_VERSION = 5.0;
				TARGETED_DEVICE_FAMILY = "1,2";
			};
			name = Release;
		};
/* End XCBuildConfiguration section */

/* Begin XCConfigurationList section */
		8DFFF1CA2AC8317800AACFA0 /* Build configuration list for PBXProject "iosSchool_HH" */ = {
			isa = XCConfigurationList;
			buildConfigurations = (
				8DFFF1E12AC8317900AACFA0 /* Debug */,
				8DFFF1E22AC8317900AACFA0 /* Release */,
			);
			defaultConfigurationIsVisible = 0;
			defaultConfigurationName = Release;
		};
		8DFFF1E32AC8317900AACFA0 /* Build configuration list for PBXNativeTarget "iosSchool_HH" */ = {
			isa = XCConfigurationList;
			buildConfigurations = (
				8DFFF1E42AC8317900AACFA0 /* Debug */,
				8DFFF1E52AC8317900AACFA0 /* Release */,
			);
			defaultConfigurationIsVisible = 0;
			defaultConfigurationName = Release;
		};
/* End XCConfigurationList section */

/* Begin XCRemoteSwiftPackageReference section */
		DD61A5DC2B1E0140005E7F17 /* XCRemoteSwiftPackageReference "KeychainAccess" */ = {
			isa = XCRemoteSwiftPackageReference;
			repositoryURL = "https://github.com/kishikawakatsumi/KeychainAccess";
			requirement = {
				branch = master;
				kind = branch;
			};
		};
		DD92A4792B0F926B009C73F9 /* XCRemoteSwiftPackageReference "SPIndicator" */ = {
			isa = XCRemoteSwiftPackageReference;
			repositoryURL = "https://github.com/ivanvorobei/SPIndicator";
			requirement = {
				kind = upToNextMajorVersion;
				minimumVersion = 1.0.0;
			};
		};
		DD92A47C2B0F9439009C73F9 /* XCRemoteSwiftPackageReference "PKHUD" */ = {
			isa = XCRemoteSwiftPackageReference;
			repositoryURL = "https://github.com/pkluz/PKHUD";
			requirement = {
				kind = upToNextMajorVersion;
				minimumVersion = 5.0.0;
			};
		};
/* End XCRemoteSwiftPackageReference section */

/* Begin XCSwiftPackageProductDependency section */
		DD61A5DD2B1E0140005E7F17 /* KeychainAccess */ = {
			isa = XCSwiftPackageProductDependency;
			package = DD61A5DC2B1E0140005E7F17 /* XCRemoteSwiftPackageReference "KeychainAccess" */;
			productName = KeychainAccess;
		};
		DD92A47A2B0F926B009C73F9 /* SPIndicator */ = {
			isa = XCSwiftPackageProductDependency;
			package = DD92A4792B0F926B009C73F9 /* XCRemoteSwiftPackageReference "SPIndicator" */;
			productName = SPIndicator;
		};
		DD92A47D2B0F9439009C73F9 /* PKHUD */ = {
			isa = XCSwiftPackageProductDependency;
			package = DD92A47C2B0F9439009C73F9 /* XCRemoteSwiftPackageReference "PKHUD" */;
			productName = PKHUD;
		};
/* End XCSwiftPackageProductDependency section */
	};
	rootObject = 8DFFF1C72AC8317800AACFA0 /* Project object */;
}
