// !$*UTF8*$!
{
	archiveVersion = 1;
	classes = {
	};
	objectVersion = 56;
	objects = {

/* Begin PBXBuildFile section */
		8DFFF1D32AC8317800AACFA0 /* AppDelegate.swift in Sources */ = {isa = PBXBuildFile; fileRef = 8DFFF1D22AC8317800AACFA0 /* AppDelegate.swift */; };
		8DFFF1D52AC8317800AACFA0 /* SceneDelegate.swift in Sources */ = {isa = PBXBuildFile; fileRef = 8DFFF1D42AC8317800AACFA0 /* SceneDelegate.swift */; };
		8DFFF1D72AC8317800AACFA0 /* ViewController.swift in Sources */ = {isa = PBXBuildFile; fileRef = 8DFFF1D62AC8317800AACFA0 /* ViewController.swift */; };
		8DFFF1DC2AC8317900AACFA0 /* Assets.xcassets in Resources */ = {isa = PBXBuildFile; fileRef = 8DFFF1DB2AC8317900AACFA0 /* Assets.xcassets */; };
		8DFFF1DF2AC8317900AACFA0 /* LaunchScreen.storyboard in Resources */ = {isa = PBXBuildFile; fileRef = 8DFFF1DD2AC8317900AACFA0 /* LaunchScreen.storyboard */; };
		DD2AA4AD2AE69BDE0024FCCC /* ColorGenerator.swift in Sources */ = {isa = PBXBuildFile; fileRef = DD2AA4AC2AE69BDE0024FCCC /* ColorGenerator.swift */; };
		DD38008C2AF9184A00D8B4D3 /* BaseCoordinator.swift in Sources */ = {isa = PBXBuildFile; fileRef = DD38008B2AF9184A00D8B4D3 /* BaseCoordinator.swift */; };
		DD38008E2AF9193700D8B4D3 /* AppCoordinator.swift in Sources */ = {isa = PBXBuildFile; fileRef = DD38008D2AF9193700D8B4D3 /* AppCoordinator.swift */; };
		DD3800932AF922E100D8B4D3 /* AuthViewController.swift in Sources */ = {isa = PBXBuildFile; fileRef = DD3800922AF922E100D8B4D3 /* AuthViewController.swift */; };
		DD3800952AF9230A00D8B4D3 /* AuthView.swift in Sources */ = {isa = PBXBuildFile; fileRef = DD3800942AF9230A00D8B4D3 /* AuthView.swift */; };
		DD3800972AF9242400D8B4D3 /* AuthViewData.swift in Sources */ = {isa = PBXBuildFile; fileRef = DD3800962AF9242400D8B4D3 /* AuthViewData.swift */; };
		DD3800992AF9245200D8B4D3 /* AuthDataProvider.swift in Sources */ = {isa = PBXBuildFile; fileRef = DD3800982AF9245200D8B4D3 /* AuthDataProvider.swift */; };
		DD38009B2AF9249300D8B4D3 /* AuthAssembly.swift in Sources */ = {isa = PBXBuildFile; fileRef = DD38009A2AF9249300D8B4D3 /* AuthAssembly.swift */; };
		DD38009D2AF9261000D8B4D3 /* AuthCoordinator.swift in Sources */ = {isa = PBXBuildFile; fileRef = DD38009C2AF9261000D8B4D3 /* AuthCoordinator.swift */; };
		DD5809CD2AEAA5CC00B27593 /* Assembly.swift in Sources */ = {isa = PBXBuildFile; fileRef = DD5809CC2AEAA5CC00B27593 /* Assembly.swift */; };
/* End PBXBuildFile section */

/* Begin PBXFileReference section */
		8DFFF1CF2AC8317800AACFA0 /* iosSchool_HH.app */ = {isa = PBXFileReference; explicitFileType = wrapper.application; includeInIndex = 0; path = iosSchool_HH.app; sourceTree = BUILT_PRODUCTS_DIR; };
		8DFFF1D22AC8317800AACFA0 /* AppDelegate.swift */ = {isa = PBXFileReference; lastKnownFileType = sourcecode.swift; path = AppDelegate.swift; sourceTree = "<group>"; };
		8DFFF1D42AC8317800AACFA0 /* SceneDelegate.swift */ = {isa = PBXFileReference; lastKnownFileType = sourcecode.swift; path = SceneDelegate.swift; sourceTree = "<group>"; };
		8DFFF1D62AC8317800AACFA0 /* ViewController.swift */ = {isa = PBXFileReference; lastKnownFileType = sourcecode.swift; path = ViewController.swift; sourceTree = "<group>"; };
		8DFFF1DB2AC8317900AACFA0 /* Assets.xcassets */ = {isa = PBXFileReference; lastKnownFileType = folder.assetcatalog; path = Assets.xcassets; sourceTree = "<group>"; };
		8DFFF1DE2AC8317900AACFA0 /* Base */ = {isa = PBXFileReference; lastKnownFileType = file.storyboard; name = Base; path = Base.lproj/LaunchScreen.storyboard; sourceTree = "<group>"; };
		8DFFF1E02AC8317900AACFA0 /* Info.plist */ = {isa = PBXFileReference; lastKnownFileType = text.plist.xml; path = Info.plist; sourceTree = "<group>"; };
		DD2AA4AC2AE69BDE0024FCCC /* ColorGenerator.swift */ = {isa = PBXFileReference; lastKnownFileType = sourcecode.swift; path = ColorGenerator.swift; sourceTree = "<group>"; };
		DD38008B2AF9184A00D8B4D3 /* BaseCoordinator.swift */ = {isa = PBXFileReference; lastKnownFileType = sourcecode.swift; path = BaseCoordinator.swift; sourceTree = "<group>"; };
		DD38008D2AF9193700D8B4D3 /* AppCoordinator.swift */ = {isa = PBXFileReference; lastKnownFileType = sourcecode.swift; path = AppCoordinator.swift; sourceTree = "<group>"; };
		DD3800922AF922E100D8B4D3 /* AuthViewController.swift */ = {isa = PBXFileReference; lastKnownFileType = sourcecode.swift; path = AuthViewController.swift; sourceTree = "<group>"; };
		DD3800942AF9230A00D8B4D3 /* AuthView.swift */ = {isa = PBXFileReference; lastKnownFileType = sourcecode.swift; path = AuthView.swift; sourceTree = "<group>"; };
		DD3800962AF9242400D8B4D3 /* AuthViewData.swift */ = {isa = PBXFileReference; lastKnownFileType = sourcecode.swift; path = AuthViewData.swift; sourceTree = "<group>"; };
		DD3800982AF9245200D8B4D3 /* AuthDataProvider.swift */ = {isa = PBXFileReference; lastKnownFileType = sourcecode.swift; path = AuthDataProvider.swift; sourceTree = "<group>"; };
		DD38009A2AF9249300D8B4D3 /* AuthAssembly.swift */ = {isa = PBXFileReference; lastKnownFileType = sourcecode.swift; path = AuthAssembly.swift; sourceTree = "<group>"; };
		DD38009C2AF9261000D8B4D3 /* AuthCoordinator.swift */ = {isa = PBXFileReference; lastKnownFileType = sourcecode.swift; path = AuthCoordinator.swift; sourceTree = "<group>"; };
		DD5809CC2AEAA5CC00B27593 /* Assembly.swift */ = {isa = PBXFileReference; lastKnownFileType = sourcecode.swift; path = Assembly.swift; sourceTree = "<group>"; };
/* End PBXFileReference section */

/* Begin PBXFrameworksBuildPhase section */
		8DFFF1CC2AC8317800AACFA0 /* Frameworks */ = {
			isa = PBXFrameworksBuildPhase;
			buildActionMask = 2147483647;
			files = (
			);
			runOnlyForDeploymentPostprocessing = 0;
		};
/* End PBXFrameworksBuildPhase section */

/* Begin PBXGroup section */
		8DFFF1C62AC8317800AACFA0 = {
			isa = PBXGroup;
			children = (
				8DFFF1D12AC8317800AACFA0 /* iosSchool_HH */,
				8DFFF1D02AC8317800AACFA0 /* Products */,
			);
			sourceTree = "<group>";
		};
		8DFFF1D02AC8317800AACFA0 /* Products */ = {
			isa = PBXGroup;
			children = (
				8DFFF1CF2AC8317800AACFA0 /* iosSchool_HH.app */,
			);
			name = Products;
			sourceTree = "<group>";
		};
		8DFFF1D12AC8317800AACFA0 /* iosSchool_HH */ = {
			isa = PBXGroup;
			children = (
				DD3800902AF9223C00D8B4D3 /* Modules */,
				DD2AA4AC2AE69BDE0024FCCC /* ColorGenerator.swift */,
				8DFFF1D22AC8317800AACFA0 /* AppDelegate.swift */,
				8DFFF1D42AC8317800AACFA0 /* SceneDelegate.swift */,
				8DFFF1D62AC8317800AACFA0 /* ViewController.swift */,
				8DFFF1DB2AC8317900AACFA0 /* Assets.xcassets */,
				8DFFF1DD2AC8317900AACFA0 /* LaunchScreen.storyboard */,
				8DFFF1E02AC8317900AACFA0 /* Info.plist */,
				DD5809CC2AEAA5CC00B27593 /* Assembly.swift */,
				DD38008B2AF9184A00D8B4D3 /* BaseCoordinator.swift */,
				DD38008D2AF9193700D8B4D3 /* AppCoordinator.swift */,
			);
			path = iosSchool_HH;
			sourceTree = "<group>";
		};
		DD3800902AF9223C00D8B4D3 /* Modules */ = {
			isa = PBXGroup;
			children = (
				DD3800912AF9225200D8B4D3 /* Auth */,
			);
			path = Modules;
			sourceTree = "<group>";
		};
		DD3800912AF9225200D8B4D3 /* Auth */ = {
			isa = PBXGroup;
			children = (
				DD3800922AF922E100D8B4D3 /* AuthViewController.swift */,
				DD3800942AF9230A00D8B4D3 /* AuthView.swift */,
				DD3800962AF9242400D8B4D3 /* AuthViewData.swift */,
				DD3800982AF9245200D8B4D3 /* AuthDataProvider.swift */,
				DD38009A2AF9249300D8B4D3 /* AuthAssembly.swift */,
				DD38009C2AF9261000D8B4D3 /* AuthCoordinator.swift */,
			);
			path = Auth;
			sourceTree = "<group>";
		};
/* End PBXGroup section */

/* Begin PBXNativeTarget section */
		8DFFF1CE2AC8317800AACFA0 /* iosSchool_HH */ = {
			isa = PBXNativeTarget;
			buildConfigurationList = 8DFFF1E32AC8317900AACFA0 /* Build configuration list for PBXNativeTarget "iosSchool_HH" */;
			buildPhases = (
				8DFFF1CB2AC8317800AACFA0 /* Sources */,
				8DFFF1CC2AC8317800AACFA0 /* Frameworks */,
				8DFFF1CD2AC8317800AACFA0 /* Resources */,
				DD2AA4AE2AE6AB110024FCCC /* SwiftLint */,
			);
			buildRules = (
			);
			dependencies = (
			);
			name = iosSchool_HH;
			productName = iosSchool_HH;
			productReference = 8DFFF1CF2AC8317800AACFA0 /* iosSchool_HH.app */;
			productType = "com.apple.product-type.application";
		};
/* End PBXNativeTarget section */

/* Begin PBXProject section */
		8DFFF1C72AC8317800AACFA0 /* Project object */ = {
			isa = PBXProject;
			attributes = {
				BuildIndependentTargetsInParallel = 1;
				LastSwiftUpdateCheck = 1430;
				LastUpgradeCheck = 1430;
				TargetAttributes = {
					8DFFF1CE2AC8317800AACFA0 = {
						CreatedOnToolsVersion = 14.3.1;
					};
				};
			};
			buildConfigurationList = 8DFFF1CA2AC8317800AACFA0 /* Build configuration list for PBXProject "iosSchool_HH" */;
			compatibilityVersion = "Xcode 14.0";
			developmentRegion = en;
			hasScannedForEncodings = 0;
			knownRegions = (
				en,
				Base,
			);
			mainGroup = 8DFFF1C62AC8317800AACFA0;
			productRefGroup = 8DFFF1D02AC8317800AACFA0 /* Products */;
			projectDirPath = "";
			projectRoot = "";
			targets = (
				8DFFF1CE2AC8317800AACFA0 /* iosSchool_HH */,
			);
		};
/* End PBXProject section */

/* Begin PBXResourcesBuildPhase section */
		8DFFF1CD2AC8317800AACFA0 /* Resources */ = {
			isa = PBXResourcesBuildPhase;
			buildActionMask = 2147483647;
			files = (
				8DFFF1DF2AC8317900AACFA0 /* LaunchScreen.storyboard in Resources */,
				8DFFF1DC2AC8317900AACFA0 /* Assets.xcassets in Resources */,
			);
			runOnlyForDeploymentPostprocessing = 0;
		};
/* End PBXResourcesBuildPhase section */

/* Begin PBXShellScriptBuildPhase section */
		DD2AA4AE2AE6AB110024FCCC /* SwiftLint */ = {
			isa = PBXShellScriptBuildPhase;
			alwaysOutOfDate = 1;
			buildActionMask = 2147483647;
			files = (
			);
			inputFileListPaths = (
			);
			inputPaths = (
			);
			name = SwiftLint;
			outputFileListPaths = (
			);
			outputPaths = (
			);
			runOnlyForDeploymentPostprocessing = 0;
			shellPath = /bin/sh;
			shellScript = "# Type a script or drag a script file from your workspace to insert its path.\nexport PATH=\"$PATH:/opt/homebrew/bin\"\nif which swiftlint > /dev/null; then\n  swiftlint\nelse\n  echo \"warning: SwiftLint not installed\"\nfi\n";
		};
/* End PBXShellScriptBuildPhase section */

/* Begin PBXSourcesBuildPhase section */
		8DFFF1CB2AC8317800AACFA0 /* Sources */ = {
			isa = PBXSourcesBuildPhase;
			buildActionMask = 2147483647;
			files = (
				8DFFF1D72AC8317800AACFA0 /* ViewController.swift in Sources */,
				DD38009D2AF9261000D8B4D3 /* AuthCoordinator.swift in Sources */,
				DD38008C2AF9184A00D8B4D3 /* BaseCoordinator.swift in Sources */,
				DD3800972AF9242400D8B4D3 /* AuthViewData.swift in Sources */,
				DD38009B2AF9249300D8B4D3 /* AuthAssembly.swift in Sources */,
				DD3800992AF9245200D8B4D3 /* AuthDataProvider.swift in Sources */,
				DD5809CD2AEAA5CC00B27593 /* Assembly.swift in Sources */,
				DD2AA4AD2AE69BDE0024FCCC /* ColorGenerator.swift in Sources */,
				DD3800932AF922E100D8B4D3 /* AuthViewController.swift in Sources */,
				8DFFF1D32AC8317800AACFA0 /* AppDelegate.swift in Sources */,
				8DFFF1D52AC8317800AACFA0 /* SceneDelegate.swift in Sources */,
				DD38008E2AF9193700D8B4D3 /* AppCoordinator.swift in Sources */,
				DD3800952AF9230A00D8B4D3 /* AuthView.swift in Sources */,
			);
			runOnlyForDeploymentPostprocessing = 0;
		};
/* End PBXSourcesBuildPhase section */

/* Begin PBXVariantGroup section */
		8DFFF1DD2AC8317900AACFA0 /* LaunchScreen.storyboard */ = {
			isa = PBXVariantGroup;
			children = (
				8DFFF1DE2AC8317900AACFA0 /* Base */,
			);
			name = LaunchScreen.storyboard;
			sourceTree = "<group>";
		};
/* End PBXVariantGroup section */

/* Begin XCBuildConfiguration section */
		8DFFF1E12AC8317900AACFA0 /* Debug */ = {
			isa = XCBuildConfiguration;
			buildSettings = {
				ALWAYS_SEARCH_USER_PATHS = NO;
				CLANG_ANALYZER_NONNULL = YES;
				CLANG_ANALYZER_NUMBER_OBJECT_CONVERSION = YES_AGGRESSIVE;
				CLANG_CXX_LANGUAGE_STANDARD = "gnu++20";
				CLANG_ENABLE_MODULES = YES;
				CLANG_ENABLE_OBJC_ARC = YES;
				CLANG_ENABLE_OBJC_WEAK = YES;
				CLANG_WARN_BLOCK_CAPTURE_AUTORELEASING = YES;
				CLANG_WARN_BOOL_CONVERSION = YES;
				CLANG_WARN_COMMA = YES;
				CLANG_WARN_CONSTANT_CONVERSION = YES;
				CLANG_WARN_DEPRECATED_OBJC_IMPLEMENTATIONS = YES;
				CLANG_WARN_DIRECT_OBJC_ISA_USAGE = YES_ERROR;
				CLANG_WARN_DOCUMENTATION_COMMENTS = YES;
				CLANG_WARN_EMPTY_BODY = YES;
				CLANG_WARN_ENUM_CONVERSION = YES;
				CLANG_WARN_INFINITE_RECURSION = YES;
				CLANG_WARN_INT_CONVERSION = YES;
				CLANG_WARN_NON_LITERAL_NULL_CONVERSION = YES;
				CLANG_WARN_OBJC_IMPLICIT_RETAIN_SELF = YES;
				CLANG_WARN_OBJC_LITERAL_CONVERSION = YES;
				CLANG_WARN_OBJC_ROOT_CLASS = YES_ERROR;
				CLANG_WARN_QUOTED_INCLUDE_IN_FRAMEWORK_HEADER = YES;
				CLANG_WARN_RANGE_LOOP_ANALYSIS = YES;
				CLANG_WARN_STRICT_PROTOTYPES = YES;
				CLANG_WARN_SUSPICIOUS_MOVE = YES;
				CLANG_WARN_UNGUARDED_AVAILABILITY = YES_AGGRESSIVE;
				CLANG_WARN_UNREACHABLE_CODE = YES;
				CLANG_WARN__DUPLICATE_METHOD_MATCH = YES;
				COPY_PHASE_STRIP = NO;
				DEBUG_INFORMATION_FORMAT = dwarf;
				ENABLE_STRICT_OBJC_MSGSEND = YES;
				ENABLE_TESTABILITY = YES;
				GCC_C_LANGUAGE_STANDARD = gnu11;
				GCC_DYNAMIC_NO_PIC = NO;
				GCC_NO_COMMON_BLOCKS = YES;
				GCC_OPTIMIZATION_LEVEL = 0;
				GCC_PREPROCESSOR_DEFINITIONS = (
					"DEBUG=1",
					"$(inherited)",
				);
				GCC_WARN_64_TO_32_BIT_CONVERSION = YES;
				GCC_WARN_ABOUT_RETURN_TYPE = YES_ERROR;
				GCC_WARN_UNDECLARED_SELECTOR = YES;
				GCC_WARN_UNINITIALIZED_AUTOS = YES_AGGRESSIVE;
				GCC_WARN_UNUSED_FUNCTION = YES;
				GCC_WARN_UNUSED_VARIABLE = YES;
				IPHONEOS_DEPLOYMENT_TARGET = 16.4;
				MTL_ENABLE_DEBUG_INFO = INCLUDE_SOURCE;
				MTL_FAST_MATH = YES;
				ONLY_ACTIVE_ARCH = YES;
				SDKROOT = iphoneos;
				SWIFT_ACTIVE_COMPILATION_CONDITIONS = DEBUG;
				SWIFT_OPTIMIZATION_LEVEL = "-Onone";
			};
			name = Debug;
		};
		8DFFF1E22AC8317900AACFA0 /* Release */ = {
			isa = XCBuildConfiguration;
			buildSettings = {
				ALWAYS_SEARCH_USER_PATHS = NO;
				CLANG_ANALYZER_NONNULL = YES;
				CLANG_ANALYZER_NUMBER_OBJECT_CONVERSION = YES_AGGRESSIVE;
				CLANG_CXX_LANGUAGE_STANDARD = "gnu++20";
				CLANG_ENABLE_MODULES = YES;
				CLANG_ENABLE_OBJC_ARC = YES;
				CLANG_ENABLE_OBJC_WEAK = YES;
				CLANG_WARN_BLOCK_CAPTURE_AUTORELEASING = YES;
				CLANG_WARN_BOOL_CONVERSION = YES;
				CLANG_WARN_COMMA = YES;
				CLANG_WARN_CONSTANT_CONVERSION = YES;
				CLANG_WARN_DEPRECATED_OBJC_IMPLEMENTATIONS = YES;
				CLANG_WARN_DIRECT_OBJC_ISA_USAGE = YES_ERROR;
				CLANG_WARN_DOCUMENTATION_COMMENTS = YES;
				CLANG_WARN_EMPTY_BODY = YES;
				CLANG_WARN_ENUM_CONVERSION = YES;
				CLANG_WARN_INFINITE_RECURSION = YES;
				CLANG_WARN_INT_CONVERSION = YES;
				CLANG_WARN_NON_LITERAL_NULL_CONVERSION = YES;
				CLANG_WARN_OBJC_IMPLICIT_RETAIN_SELF = YES;
				CLANG_WARN_OBJC_LITERAL_CONVERSION = YES;
				CLANG_WARN_OBJC_ROOT_CLASS = YES_ERROR;
				CLANG_WARN_QUOTED_INCLUDE_IN_FRAMEWORK_HEADER = YES;
				CLANG_WARN_RANGE_LOOP_ANALYSIS = YES;
				CLANG_WARN_STRICT_PROTOTYPES = YES;
				CLANG_WARN_SUSPICIOUS_MOVE = YES;
				CLANG_WARN_UNGUARDED_AVAILABILITY = YES_AGGRESSIVE;
				CLANG_WARN_UNREACHABLE_CODE = YES;
				CLANG_WARN__DUPLICATE_METHOD_MATCH = YES;
				COPY_PHASE_STRIP = NO;
				DEBUG_INFORMATION_FORMAT = "dwarf-with-dsym";
				ENABLE_NS_ASSERTIONS = NO;
				ENABLE_STRICT_OBJC_MSGSEND = YES;
				GCC_C_LANGUAGE_STANDARD = gnu11;
				GCC_NO_COMMON_BLOCKS = YES;
				GCC_WARN_64_TO_32_BIT_CONVERSION = YES;
				GCC_WARN_ABOUT_RETURN_TYPE = YES_ERROR;
				GCC_WARN_UNDECLARED_SELECTOR = YES;
				GCC_WARN_UNINITIALIZED_AUTOS = YES_AGGRESSIVE;
				GCC_WARN_UNUSED_FUNCTION = YES;
				GCC_WARN_UNUSED_VARIABLE = YES;
				IPHONEOS_DEPLOYMENT_TARGET = 16.4;
				MTL_ENABLE_DEBUG_INFO = NO;
				MTL_FAST_MATH = YES;
				SDKROOT = iphoneos;
				SWIFT_COMPILATION_MODE = wholemodule;
				SWIFT_OPTIMIZATION_LEVEL = "-O";
				VALIDATE_PRODUCT = YES;
			};
			name = Release;
		};
		8DFFF1E42AC8317900AACFA0 /* Debug */ = {
			isa = XCBuildConfiguration;
			buildSettings = {
				ASSETCATALOG_COMPILER_APPICON_NAME = AppIcon;
				ASSETCATALOG_COMPILER_GLOBAL_ACCENT_COLOR_NAME = AccentColor;
				CODE_SIGN_STYLE = Automatic;
				CURRENT_PROJECT_VERSION = 1;
				DEVELOPMENT_TEAM = 4H59Z5M7L9;
				GENERATE_INFOPLIST_FILE = YES;
				INFOPLIST_FILE = iosSchool_HH/Info.plist;
				INFOPLIST_KEY_UIApplicationSupportsIndirectInputEvents = YES;
				INFOPLIST_KEY_UILaunchStoryboardName = LaunchScreen;
				INFOPLIST_KEY_UISupportedInterfaceOrientations_iPad = "UIInterfaceOrientationPortrait UIInterfaceOrientationPortraitUpsideDown UIInterfaceOrientationLandscapeLeft UIInterfaceOrientationLandscapeRight";
				INFOPLIST_KEY_UISupportedInterfaceOrientations_iPhone = "UIInterfaceOrientationPortrait UIInterfaceOrientationLandscapeLeft UIInterfaceOrientationLandscapeRight";
				LD_RUNPATH_SEARCH_PATHS = (
					"$(inherited)",
					"@executable_path/Frameworks",
				);
				MARKETING_VERSION = 1.0;
				PRODUCT_BUNDLE_IDENTIFIER = "vaganova.iosSchool-HH";
				PRODUCT_NAME = "$(TARGET_NAME)";
				SWIFT_EMIT_LOC_STRINGS = YES;
				SWIFT_VERSION = 5.0;
				TARGETED_DEVICE_FAMILY = "1,2";
			};
			name = Debug;
		};
		8DFFF1E52AC8317900AACFA0 /* Release */ = {
			isa = XCBuildConfiguration;
			buildSettings = {
				ASSETCATALOG_COMPILER_APPICON_NAME = AppIcon;
				ASSETCATALOG_COMPILER_GLOBAL_ACCENT_COLOR_NAME = AccentColor;
				CODE_SIGN_STYLE = Automatic;
				CURRENT_PROJECT_VERSION = 1;
				DEVELOPMENT_TEAM = 4H59Z5M7L9;
				GENERATE_INFOPLIST_FILE = YES;
				INFOPLIST_FILE = iosSchool_HH/Info.plist;
				INFOPLIST_KEY_UIApplicationSupportsIndirectInputEvents = YES;
				INFOPLIST_KEY_UILaunchStoryboardName = LaunchScreen;
				INFOPLIST_KEY_UISupportedInterfaceOrientations_iPad = "UIInterfaceOrientationPortrait UIInterfaceOrientationPortraitUpsideDown UIInterfaceOrientationLandscapeLeft UIInterfaceOrientationLandscapeRight";
				INFOPLIST_KEY_UISupportedInterfaceOrientations_iPhone = "UIInterfaceOrientationPortrait UIInterfaceOrientationLandscapeLeft UIInterfaceOrientationLandscapeRight";
				LD_RUNPATH_SEARCH_PATHS = (
					"$(inherited)",
					"@executable_path/Frameworks",
				);
				MARKETING_VERSION = 1.0;
				PRODUCT_BUNDLE_IDENTIFIER = "vaganova.iosSchool-HH";
				PRODUCT_NAME = "$(TARGET_NAME)";
				SWIFT_EMIT_LOC_STRINGS = YES;
				SWIFT_VERSION = 5.0;
				TARGETED_DEVICE_FAMILY = "1,2";
			};
			name = Release;
		};
/* End XCBuildConfiguration section */

/* Begin XCConfigurationList section */
		8DFFF1CA2AC8317800AACFA0 /* Build configuration list for PBXProject "iosSchool_HH" */ = {
			isa = XCConfigurationList;
			buildConfigurations = (
				8DFFF1E12AC8317900AACFA0 /* Debug */,
				8DFFF1E22AC8317900AACFA0 /* Release */,
			);
			defaultConfigurationIsVisible = 0;
			defaultConfigurationName = Release;
		};
		8DFFF1E32AC8317900AACFA0 /* Build configuration list for PBXNativeTarget "iosSchool_HH" */ = {
			isa = XCConfigurationList;
			buildConfigurations = (
				8DFFF1E42AC8317900AACFA0 /* Debug */,
				8DFFF1E52AC8317900AACFA0 /* Release */,
			);
			defaultConfigurationIsVisible = 0;
			defaultConfigurationName = Release;
		};
/* End XCConfigurationList section */
	};
	rootObject = 8DFFF1C72AC8317800AACFA0 /* Project object */;
}
